
Microsoft Visual Studio Solution File, Format Version 12.00
# Visual Studio Version 17
VisualStudioVersion = 17.6.33829.357
MinimumVisualStudioVersion = 10.0.40219.1
Project("{FAE04EC0-301F-11D3-BF4B-00C04F79EFBC}") = "Klingelnberg", "Klingelnberg\Klingelnberg.csproj", "{ACE3133A-0D5C-4E74-9E9A-A04B9EC2ACD6}"
EndProject
Project("{FAE04EC0-301F-11D3-BF4B-00C04F79EFBC}") = "BuisnessObjectLayer", "BuisnessObjectLayer\BuisnessObjectLayer.csproj", "{0EF708B8-E865-4A00-8E48-4BA526028316}"
EndProject
Project("{FAE04EC0-301F-11D3-BF4B-00C04F79EFBC}") = "BuisnessLogicLayer", "BuisnessLogicLayer\BuisnessLogicLayer.csproj", "{98D8FE2F-5CC6-4BC7-A9A7-D70E375087BC}"
EndProject
Global
	GlobalSection(SolutionConfigurationPlatforms) = preSolution
		Debug|Any CPU = Debug|Any CPU
		Release|Any CPU = Release|Any CPU
	EndGlobalSection
	GlobalSection(ProjectConfigurationPlatforms) = postSolution
		{ACE3133A-0D5C-4E74-9E9A-A04B9EC2ACD6}.Debug|Any CPU.ActiveCfg = Debug|Any CPU
		{ACE3133A-0D5C-4E74-9E9A-A04B9EC2ACD6}.Debug|Any CPU.Build.0 = Debug|Any CPU
		{ACE3133A-0D5C-4E74-9E9A-A04B9EC2ACD6}.Release|Any CPU.ActiveCfg = Release|Any CPU
		{ACE3133A-0D5C-4E74-9E9A-A04B9EC2ACD6}.Release|Any CPU.Build.0 = Release|Any CPU
		{0EF708B8-E865-4A00-8E48-4BA526028316}.Debug|Any CPU.ActiveCfg = Debug|Any CPU
		{0EF708B8-E865-4A00-8E48-4BA526028316}.Debug|Any CPU.Build.0 = Debug|Any CPU
		{0EF708B8-E865-4A00-8E48-4BA526028316}.Release|Any CPU.ActiveCfg = Release|Any CPU
		{0EF708B8-E865-4A00-8E48-4BA526028316}.Release|Any CPU.Build.0 = Release|Any CPU
		{98D8FE2F-5CC6-4BC7-A9A7-D70E375087BC}.Debug|Any CPU.ActiveCfg = Debug|Any CPU
		{98D8FE2F-5CC6-4BC7-A9A7-D70E375087BC}.Debug|Any CPU.Build.0 = Debug|Any CPU
		{98D8FE2F-5CC6-4BC7-A9A7-D70E375087BC}.Release|Any CPU.ActiveCfg = Release|Any CPU
		{98D8FE2F-5CC6-4BC7-A9A7-D70E375087BC}.Release|Any CPU.Build.0 = Release|Any CPU
	EndGlobalSection
	GlobalSection(SolutionProperties) = preSolution
		HideSolutionNode = FALSE
	EndGlobalSection
	GlobalSection(ExtensibilityGlobals) = postSolution
		SolutionGuid = {99E5A0DD-61BC-4A2C-9D55-4686B4D5895D}
	EndGlobalSection
EndGlobal
